// !$*UTF8*$!
{
	archiveVersion = 1;
	classes = {
	};
	objectVersion = 77;
	objects = {

/* Begin PBXBuildFile section */
		F07F53BF2CBAF8DE005455D2 /* DependencyContainer in Frameworks */ = {isa = PBXBuildFile; productRef = F07F53BE2CBAF8DE005455D2 /* DependencyContainer */; };
		F07F53C22CBAF92C005455D2 /* Dependencies in Frameworks */ = {isa = PBXBuildFile; productRef = F07F53C12CBAF92C005455D2 /* Dependencies */; };
		F07F53F32CBCF4AE005455D2 /* Router in Frameworks */ = {isa = PBXBuildFile; productRef = F07F53F22CBCF4AE005455D2 /* Router */; };
		F07F53F52CBCF53A005455D2 /* Entity in Frameworks */ = {isa = PBXBuildFile; productRef = F07F53F42CBCF53A005455D2 /* Entity */; };
		F07F54482CBD76C2005455D2 /* PokemonListScreen in Frameworks */ = {isa = PBXBuildFile; productRef = F07F54472CBD76C2005455D2 /* PokemonListScreen */; };
		F0D5CC712CBA7A510018F437 /* base.xcconfig in Resources */ = {isa = PBXBuildFile; fileRef = F0D5CC6F2CBA7A510018F437 /* base.xcconfig */; };
		F0F338252CBAF41F00C53E97 /* RootScreen in Frameworks */ = {isa = PBXBuildFile; productRef = F0F338242CBAF41F00C53E97 /* RootScreen */; };
/* End PBXBuildFile section */

/* Begin PBXContainerItemProxy section */
		F0D5CC2C2CBA677B0018F437 /* PBXContainerItemProxy */ = {
			isa = PBXContainerItemProxy;
			containerPortal = F0D5CC122CBA67790018F437 /* Project object */;
			proxyType = 1;
			remoteGlobalIDString = F0D5CC192CBA67790018F437;
			remoteInfo = "SwiftUI-Pokedex";
		};
		F0D5CC362CBA677B0018F437 /* PBXContainerItemProxy */ = {
			isa = PBXContainerItemProxy;
			containerPortal = F0D5CC122CBA67790018F437 /* Project object */;
			proxyType = 1;
			remoteGlobalIDString = F0D5CC192CBA67790018F437;
			remoteInfo = "SwiftUI-Pokedex";
		};
/* End PBXContainerItemProxy section */

/* Begin PBXFileReference section */
		F0D5CC1A2CBA67790018F437 /* SwiftUI-Pokedex.app */ = {isa = PBXFileReference; explicitFileType = wrapper.application; includeInIndex = 0; path = "SwiftUI-Pokedex.app"; sourceTree = BUILT_PRODUCTS_DIR; };
		F0D5CC2B2CBA677B0018F437 /* SwiftUI-PokedexTests.xctest */ = {isa = PBXFileReference; explicitFileType = wrapper.cfbundle; includeInIndex = 0; path = "SwiftUI-PokedexTests.xctest"; sourceTree = BUILT_PRODUCTS_DIR; };
		F0D5CC352CBA677B0018F437 /* SwiftUI-PokedexUITests.xctest */ = {isa = PBXFileReference; explicitFileType = wrapper.cfbundle; includeInIndex = 0; path = "SwiftUI-PokedexUITests.xctest"; sourceTree = BUILT_PRODUCTS_DIR; };
		F0D5CC6F2CBA7A510018F437 /* base.xcconfig */ = {isa = PBXFileReference; lastKnownFileType = text.xcconfig; path = base.xcconfig; sourceTree = "<group>"; };
/* End PBXFileReference section */

/* Begin PBXFileSystemSynchronizedBuildFileExceptionSet section */
		F004937D2CBAABE9009E1F62 /* Exceptions for "SwiftUI-Pokedex" folder in "SwiftUI-Pokedex" target */ = {
			isa = PBXFileSystemSynchronizedBuildFileExceptionSet;
			membershipExceptions = (
				Info.plist,
			);
			target = F0D5CC192CBA67790018F437 /* SwiftUI-Pokedex */;
		};
		F0F3381E2CBAF3D000C53E97 /* Exceptions for "Packages" folder in "SwiftUI-Pokedex" target */ = {
			isa = PBXFileSystemSynchronizedBuildFileExceptionSet;
			membershipExceptions = (
				AppPackage,
			);
			target = F0D5CC192CBA67790018F437 /* SwiftUI-Pokedex */;
		};
/* End PBXFileSystemSynchronizedBuildFileExceptionSet section */

/* Begin PBXFileSystemSynchronizedRootGroup section */
		F0D5CC1C2CBA67790018F437 /* SwiftUI-Pokedex */ = {
			isa = PBXFileSystemSynchronizedRootGroup;
			exceptions = (
				F004937D2CBAABE9009E1F62 /* Exceptions for "SwiftUI-Pokedex" folder in "SwiftUI-Pokedex" target */,
			);
			path = "SwiftUI-Pokedex";
			sourceTree = "<group>";
		};
		F0D5CC2E2CBA677B0018F437 /* SwiftUI-PokedexTests */ = {
			isa = PBXFileSystemSynchronizedRootGroup;
			path = "SwiftUI-PokedexTests";
			sourceTree = "<group>";
		};
		F0D5CC382CBA677B0018F437 /* SwiftUI-PokedexUITests */ = {
			isa = PBXFileSystemSynchronizedRootGroup;
			path = "SwiftUI-PokedexUITests";
			sourceTree = "<group>";
		};
		F0F3381D2CBAF3D000C53E97 /* Packages */ = {
			isa = PBXFileSystemSynchronizedRootGroup;
			exceptions = (
				F0F3381E2CBAF3D000C53E97 /* Exceptions for "Packages" folder in "SwiftUI-Pokedex" target */,
			);
			name = Packages;
			path = ../Packages;
			sourceTree = SOURCE_ROOT;
		};
/* End PBXFileSystemSynchronizedRootGroup section */

/* Begin PBXFrameworksBuildPhase section */
		F0D5CC172CBA67790018F437 /* Frameworks */ = {
			isa = PBXFrameworksBuildPhase;
			buildActionMask = 2147483647;
			files = (
				F07F53F52CBCF53A005455D2 /* Entity in Frameworks */,
				F07F53C22CBAF92C005455D2 /* Dependencies in Frameworks */,
				F07F54482CBD76C2005455D2 /* PokemonListScreen in Frameworks */,
				F0F338252CBAF41F00C53E97 /* RootScreen in Frameworks */,
				F07F53BF2CBAF8DE005455D2 /* DependencyContainer in Frameworks */,
				F07F53F32CBCF4AE005455D2 /* Router in Frameworks */,
			);
			runOnlyForDeploymentPostprocessing = 0;
		};
		F0D5CC282CBA677B0018F437 /* Frameworks */ = {
			isa = PBXFrameworksBuildPhase;
			buildActionMask = 2147483647;
			files = (
			);
			runOnlyForDeploymentPostprocessing = 0;
		};
		F0D5CC322CBA677B0018F437 /* Frameworks */ = {
			isa = PBXFrameworksBuildPhase;
			buildActionMask = 2147483647;
			files = (
			);
			runOnlyForDeploymentPostprocessing = 0;
		};
/* End PBXFrameworksBuildPhase section */

/* Begin PBXGroup section */
		F00492EB2CBA9856009E1F62 /* Frameworks */ = {
			isa = PBXGroup;
			children = (
			);
			name = Frameworks;
			sourceTree = "<group>";
		};
		F0D5CC112CBA67790018F437 = {
			isa = PBXGroup;
			children = (
				F0D5CC702CBA7A510018F437 /* xcconfig */,
				F0F3381D2CBAF3D000C53E97 /* Packages */,
				F0D5CC1C2CBA67790018F437 /* SwiftUI-Pokedex */,
				F0D5CC2E2CBA677B0018F437 /* SwiftUI-PokedexTests */,
				F0D5CC382CBA677B0018F437 /* SwiftUI-PokedexUITests */,
				F00492EB2CBA9856009E1F62 /* Frameworks */,
				F0D5CC1B2CBA67790018F437 /* Products */,
			);
			sourceTree = "<group>";
		};
		F0D5CC1B2CBA67790018F437 /* Products */ = {
			isa = PBXGroup;
			children = (
				F0D5CC1A2CBA67790018F437 /* SwiftUI-Pokedex.app */,
				F0D5CC2B2CBA677B0018F437 /* SwiftUI-PokedexTests.xctest */,
				F0D5CC352CBA677B0018F437 /* SwiftUI-PokedexUITests.xctest */,
			);
			name = Products;
			sourceTree = "<group>";
		};
		F0D5CC702CBA7A510018F437 /* xcconfig */ = {
			isa = PBXGroup;
			children = (
				F0D5CC6F2CBA7A510018F437 /* base.xcconfig */,
			);
			path = xcconfig;
			sourceTree = "<group>";
		};
/* End PBXGroup section */

/* Begin PBXNativeTarget section */
		F0D5CC192CBA67790018F437 /* SwiftUI-Pokedex */ = {
			isa = PBXNativeTarget;
			buildConfigurationList = F0D5CC3F2CBA677B0018F437 /* Build configuration list for PBXNativeTarget "SwiftUI-Pokedex" */;
			buildPhases = (
				F0D5CC162CBA67790018F437 /* Sources */,
				F0D5CC172CBA67790018F437 /* Frameworks */,
				F0D5CC182CBA67790018F437 /* Resources */,
			);
			buildRules = (
			);
			dependencies = (
			);
			fileSystemSynchronizedGroups = (
				F0D5CC1C2CBA67790018F437 /* SwiftUI-Pokedex */,
				F0F3381D2CBAF3D000C53E97 /* Packages */,
			);
			name = "SwiftUI-Pokedex";
			packageProductDependencies = (
				F0F338242CBAF41F00C53E97 /* RootScreen */,
				F07F53BE2CBAF8DE005455D2 /* DependencyContainer */,
				F07F53C12CBAF92C005455D2 /* Dependencies */,
				F07F53F22CBCF4AE005455D2 /* Router */,
				F07F53F42CBCF53A005455D2 /* Entity */,
				F07F54472CBD76C2005455D2 /* PokemonListScreen */,
			);
			productName = "SwiftUI-Pokedex";
			productReference = F0D5CC1A2CBA67790018F437 /* SwiftUI-Pokedex.app */;
			productType = "com.apple.product-type.application";
		};
		F0D5CC2A2CBA677B0018F437 /* SwiftUI-PokedexTests */ = {
			isa = PBXNativeTarget;
			buildConfigurationList = F0D5CC422CBA677B0018F437 /* Build configuration list for PBXNativeTarget "SwiftUI-PokedexTests" */;
			buildPhases = (
				F0D5CC272CBA677B0018F437 /* Sources */,
				F0D5CC282CBA677B0018F437 /* Frameworks */,
				F0D5CC292CBA677B0018F437 /* Resources */,
			);
			buildRules = (
			);
			dependencies = (
				F0D5CC2D2CBA677B0018F437 /* PBXTargetDependency */,
			);
			fileSystemSynchronizedGroups = (
				F0D5CC2E2CBA677B0018F437 /* SwiftUI-PokedexTests */,
			);
			name = "SwiftUI-PokedexTests";
			packageProductDependencies = (
			);
			productName = "SwiftUI-PokedexTests";
			productReference = F0D5CC2B2CBA677B0018F437 /* SwiftUI-PokedexTests.xctest */;
			productType = "com.apple.product-type.bundle.unit-test";
		};
		F0D5CC342CBA677B0018F437 /* SwiftUI-PokedexUITests */ = {
			isa = PBXNativeTarget;
			buildConfigurationList = F0D5CC452CBA677B0018F437 /* Build configuration list for PBXNativeTarget "SwiftUI-PokedexUITests" */;
			buildPhases = (
				F0D5CC312CBA677B0018F437 /* Sources */,
				F0D5CC322CBA677B0018F437 /* Frameworks */,
				F0D5CC332CBA677B0018F437 /* Resources */,
			);
			buildRules = (
			);
			dependencies = (
				F0D5CC372CBA677B0018F437 /* PBXTargetDependency */,
			);
			fileSystemSynchronizedGroups = (
				F0D5CC382CBA677B0018F437 /* SwiftUI-PokedexUITests */,
			);
			name = "SwiftUI-PokedexUITests";
			packageProductDependencies = (
			);
			productName = "SwiftUI-PokedexUITests";
			productReference = F0D5CC352CBA677B0018F437 /* SwiftUI-PokedexUITests.xctest */;
			productType = "com.apple.product-type.bundle.ui-testing";
		};
/* End PBXNativeTarget section */

/* Begin PBXProject section */
		F0D5CC122CBA67790018F437 /* Project object */ = {
			isa = PBXProject;
			attributes = {
				BuildIndependentTargetsInParallel = 1;
				LastSwiftUpdateCheck = 1600;
				LastUpgradeCheck = 1600;
				TargetAttributes = {
					F0D5CC192CBA67790018F437 = {
						CreatedOnToolsVersion = 16.0;
					};
					F0D5CC2A2CBA677B0018F437 = {
						CreatedOnToolsVersion = 16.0;
						TestTargetID = F0D5CC192CBA67790018F437;
					};
					F0D5CC342CBA677B0018F437 = {
						CreatedOnToolsVersion = 16.0;
						TestTargetID = F0D5CC192CBA67790018F437;
					};
				};
			};
			buildConfigurationList = F0D5CC152CBA67790018F437 /* Build configuration list for PBXProject "SwiftUI-Pokedex" */;
			developmentRegion = en;
			hasScannedForEncodings = 0;
			knownRegions = (
				en,
				Base,
			);
			mainGroup = F0D5CC112CBA67790018F437;
			minimizedProjectReferenceProxies = 1;
			packageReferences = (
				F0F3381F2CBAF40200C53E97 /* XCLocalSwiftPackageReference "../Packages/AppPackage" */,
				F07F53C02CBAF92C005455D2 /* XCRemoteSwiftPackageReference "swift-dependencies" */,
			);
			preferredProjectObjectVersion = 77;
			productRefGroup = F0D5CC1B2CBA67790018F437 /* Products */;
			projectDirPath = "";
			projectRoot = "";
			targets = (
				F0D5CC192CBA67790018F437 /* SwiftUI-Pokedex */,
				F0D5CC2A2CBA677B0018F437 /* SwiftUI-PokedexTests */,
				F0D5CC342CBA677B0018F437 /* SwiftUI-PokedexUITests */,
			);
		};
/* End PBXProject section */

/* Begin PBXResourcesBuildPhase section */
		F0D5CC182CBA67790018F437 /* Resources */ = {
			isa = PBXResourcesBuildPhase;
			buildActionMask = 2147483647;
			files = (
				F0D5CC712CBA7A510018F437 /* base.xcconfig in Resources */,
			);
			runOnlyForDeploymentPostprocessing = 0;
		};
		F0D5CC292CBA677B0018F437 /* Resources */ = {
			isa = PBXResourcesBuildPhase;
			buildActionMask = 2147483647;
			files = (
			);
			runOnlyForDeploymentPostprocessing = 0;
		};
		F0D5CC332CBA677B0018F437 /* Resources */ = {
			isa = PBXResourcesBuildPhase;
			buildActionMask = 2147483647;
			files = (
			);
			runOnlyForDeploymentPostprocessing = 0;
		};
/* End PBXResourcesBuildPhase section */

/* Begin PBXSourcesBuildPhase section */
		F0D5CC162CBA67790018F437 /* Sources */ = {
			isa = PBXSourcesBuildPhase;
			buildActionMask = 2147483647;
			files = (
			);
			runOnlyForDeploymentPostprocessing = 0;
		};
		F0D5CC272CBA677B0018F437 /* Sources */ = {
			isa = PBXSourcesBuildPhase;
			buildActionMask = 2147483647;
			files = (
			);
			runOnlyForDeploymentPostprocessing = 0;
		};
		F0D5CC312CBA677B0018F437 /* Sources */ = {
			isa = PBXSourcesBuildPhase;
			buildActionMask = 2147483647;
			files = (
			);
			runOnlyForDeploymentPostprocessing = 0;
		};
/* End PBXSourcesBuildPhase section */

/* Begin PBXTargetDependency section */
		F0D5CC2D2CBA677B0018F437 /* PBXTargetDependency */ = {
			isa = PBXTargetDependency;
			target = F0D5CC192CBA67790018F437 /* SwiftUI-Pokedex */;
			targetProxy = F0D5CC2C2CBA677B0018F437 /* PBXContainerItemProxy */;
		};
		F0D5CC372CBA677B0018F437 /* PBXTargetDependency */ = {
			isa = PBXTargetDependency;
			target = F0D5CC192CBA67790018F437 /* SwiftUI-Pokedex */;
			targetProxy = F0D5CC362CBA677B0018F437 /* PBXContainerItemProxy */;
		};
/* End PBXTargetDependency section */

/* Begin XCBuildConfiguration section */
		F0D5CC3D2CBA677B0018F437 /* Debug */ = {
			isa = XCBuildConfiguration;
			baseConfigurationReference = F0D5CC6F2CBA7A510018F437 /* base.xcconfig */;
			buildSettings = {
				ALWAYS_SEARCH_USER_PATHS = NO;
				ASSETCATALOG_COMPILER_GENERATE_SWIFT_ASSET_SYMBOL_EXTENSIONS = YES;
				CLANG_ANALYZER_NONNULL = YES;
				CLANG_ANALYZER_NUMBER_OBJECT_CONVERSION = YES_AGGRESSIVE;
				CLANG_CXX_LANGUAGE_STANDARD = "gnu++20";
				CLANG_ENABLE_MODULES = YES;
				CLANG_ENABLE_OBJC_ARC = YES;
				CLANG_ENABLE_OBJC_WEAK = YES;
				CLANG_WARN_BLOCK_CAPTURE_AUTORELEASING = YES;
				CLANG_WARN_BOOL_CONVERSION = YES;
				CLANG_WARN_COMMA = YES;
				CLANG_WARN_CONSTANT_CONVERSION = YES;
				CLANG_WARN_DEPRECATED_OBJC_IMPLEMENTATIONS = YES;
				CLANG_WARN_DIRECT_OBJC_ISA_USAGE = YES_ERROR;
				CLANG_WARN_DOCUMENTATION_COMMENTS = YES;
				CLANG_WARN_EMPTY_BODY = YES;
				CLANG_WARN_ENUM_CONVERSION = YES;
				CLANG_WARN_INFINITE_RECURSION = YES;
				CLANG_WARN_INT_CONVERSION = YES;
				CLANG_WARN_NON_LITERAL_NULL_CONVERSION = YES;
				CLANG_WARN_OBJC_IMPLICIT_RETAIN_SELF = YES;
				CLANG_WARN_OBJC_LITERAL_CONVERSION = YES;
				CLANG_WARN_OBJC_ROOT_CLASS = YES_ERROR;
				CLANG_WARN_QUOTED_INCLUDE_IN_FRAMEWORK_HEADER = YES;
				CLANG_WARN_RANGE_LOOP_ANALYSIS = YES;
				CLANG_WARN_STRICT_PROTOTYPES = YES;
				CLANG_WARN_SUSPICIOUS_MOVE = YES;
				CLANG_WARN_UNGUARDED_AVAILABILITY = YES_AGGRESSIVE;
				CLANG_WARN_UNREACHABLE_CODE = YES;
				CLANG_WARN__DUPLICATE_METHOD_MATCH = YES;
				COPY_PHASE_STRIP = NO;
				DEBUG_INFORMATION_FORMAT = dwarf;
				ENABLE_STRICT_OBJC_MSGSEND = YES;
				ENABLE_TESTABILITY = YES;
				ENABLE_USER_SCRIPT_SANDBOXING = YES;
				GCC_C_LANGUAGE_STANDARD = gnu17;
				GCC_DYNAMIC_NO_PIC = NO;
				GCC_NO_COMMON_BLOCKS = YES;
				GCC_OPTIMIZATION_LEVEL = 0;
				GCC_PREPROCESSOR_DEFINITIONS = (
					"DEBUG=1",
					"$(inherited)",
				);
				GCC_WARN_64_TO_32_BIT_CONVERSION = YES;
				GCC_WARN_ABOUT_RETURN_TYPE = YES_ERROR;
				GCC_WARN_UNDECLARED_SELECTOR = YES;
				GCC_WARN_UNINITIALIZED_AUTOS = YES_AGGRESSIVE;
				GCC_WARN_UNUSED_FUNCTION = YES;
				GCC_WARN_UNUSED_VARIABLE = YES;
				LOCALIZATION_PREFERS_STRING_CATALOGS = YES;
				MTL_ENABLE_DEBUG_INFO = INCLUDE_SOURCE;
				MTL_FAST_MATH = YES;
				ONLY_ACTIVE_ARCH = YES;
				SWIFT_ACTIVE_COMPILATION_CONDITIONS = "DEBUG $(inherited)";
				SWIFT_OPTIMIZATION_LEVEL = "-Onone";
			};
			name = Debug;
		};
		F0D5CC3E2CBA677B0018F437 /* Release */ = {
			isa = XCBuildConfiguration;
			baseConfigurationReference = F0D5CC6F2CBA7A510018F437 /* base.xcconfig */;
			buildSettings = {
				ALWAYS_SEARCH_USER_PATHS = NO;
				ASSETCATALOG_COMPILER_GENERATE_SWIFT_ASSET_SYMBOL_EXTENSIONS = YES;
				CLANG_ANALYZER_NONNULL = YES;
				CLANG_ANALYZER_NUMBER_OBJECT_CONVERSION = YES_AGGRESSIVE;
				CLANG_CXX_LANGUAGE_STANDARD = "gnu++20";
				CLANG_ENABLE_MODULES = YES;
				CLANG_ENABLE_OBJC_ARC = YES;
				CLANG_ENABLE_OBJC_WEAK = YES;
				CLANG_WARN_BLOCK_CAPTURE_AUTORELEASING = YES;
				CLANG_WARN_BOOL_CONVERSION = YES;
				CLANG_WARN_COMMA = YES;
				CLANG_WARN_CONSTANT_CONVERSION = YES;
				CLANG_WARN_DEPRECATED_OBJC_IMPLEMENTATIONS = YES;
				CLANG_WARN_DIRECT_OBJC_ISA_USAGE = YES_ERROR;
				CLANG_WARN_DOCUMENTATION_COMMENTS = YES;
				CLANG_WARN_EMPTY_BODY = YES;
				CLANG_WARN_ENUM_CONVERSION = YES;
				CLANG_WARN_INFINITE_RECURSION = YES;
				CLANG_WARN_INT_CONVERSION = YES;
				CLANG_WARN_NON_LITERAL_NULL_CONVERSION = YES;
				CLANG_WARN_OBJC_IMPLICIT_RETAIN_SELF = YES;
				CLANG_WARN_OBJC_LITERAL_CONVERSION = YES;
				CLANG_WARN_OBJC_ROOT_CLASS = YES_ERROR;
				CLANG_WARN_QUOTED_INCLUDE_IN_FRAMEWORK_HEADER = YES;
				CLANG_WARN_RANGE_LOOP_ANALYSIS = YES;
				CLANG_WARN_STRICT_PROTOTYPES = YES;
				CLANG_WARN_SUSPICIOUS_MOVE = YES;
				CLANG_WARN_UNGUARDED_AVAILABILITY = YES_AGGRESSIVE;
				CLANG_WARN_UNREACHABLE_CODE = YES;
				CLANG_WARN__DUPLICATE_METHOD_MATCH = YES;
				COPY_PHASE_STRIP = NO;
				DEBUG_INFORMATION_FORMAT = "dwarf-with-dsym";
				ENABLE_NS_ASSERTIONS = NO;
				ENABLE_STRICT_OBJC_MSGSEND = YES;
				ENABLE_USER_SCRIPT_SANDBOXING = YES;
				GCC_C_LANGUAGE_STANDARD = gnu17;
				GCC_NO_COMMON_BLOCKS = YES;
				GCC_WARN_64_TO_32_BIT_CONVERSION = YES;
				GCC_WARN_ABOUT_RETURN_TYPE = YES_ERROR;
				GCC_WARN_UNDECLARED_SELECTOR = YES;
				GCC_WARN_UNINITIALIZED_AUTOS = YES_AGGRESSIVE;
				GCC_WARN_UNUSED_FUNCTION = YES;
				GCC_WARN_UNUSED_VARIABLE = YES;
				LOCALIZATION_PREFERS_STRING_CATALOGS = YES;
				MTL_ENABLE_DEBUG_INFO = NO;
				MTL_FAST_MATH = YES;
				SWIFT_COMPILATION_MODE = wholemodule;
			};
			name = Release;
		};
		F0D5CC402CBA677B0018F437 /* Debug */ = {
			isa = XCBuildConfiguration;
			buildSettings = {
				ASSETCATALOG_COMPILER_APPICON_NAME = AppIcon;
				ASSETCATALOG_COMPILER_GLOBAL_ACCENT_COLOR_NAME = AccentColor;
				ASSETCATALOG_COMPILER_INCLUDE_ALL_APPICON_ASSETS = YES;
				CODE_SIGN_ENTITLEMENTS = "SwiftUI-Pokedex/SwiftUI_Pokedex.entitlements";
				CODE_SIGN_STYLE = Automatic;
				CREATE_INFOPLIST_SECTION_IN_BINARY = NO;
				CURRENT_PROJECT_VERSION = 1;
				DEVELOPMENT_ASSET_PATHS = "\"SwiftUI-Pokedex/Preview Content\"";
				DEVELOPMENT_TEAM = D8T642JQFU;
				ENABLE_HARDENED_RUNTIME = YES;
				ENABLE_PREVIEWS = YES;
				GENERATE_INFOPLIST_FILE = YES;
				INFOPLIST_FILE = "SwiftUI-Pokedex/Info.plist";
				INFOPLIST_KEY_CFBundleDisplayName = Pokedex;
				INFOPLIST_KEY_LSApplicationCategoryType = "public.app-category.entertainment";
				"INFOPLIST_KEY_UIApplicationSceneManifest_Generation[sdk=iphoneos*]" = YES;
				"INFOPLIST_KEY_UIApplicationSceneManifest_Generation[sdk=iphonesimulator*]" = YES;
				"INFOPLIST_KEY_UIApplicationSupportsIndirectInputEvents[sdk=iphoneos*]" = YES;
				"INFOPLIST_KEY_UIApplicationSupportsIndirectInputEvents[sdk=iphonesimulator*]" = YES;
				"INFOPLIST_KEY_UILaunchScreen_Generation[sdk=iphoneos*]" = YES;
				"INFOPLIST_KEY_UILaunchScreen_Generation[sdk=iphonesimulator*]" = YES;
				INFOPLIST_KEY_UIRequiresFullScreen = YES;
				INFOPLIST_KEY_UIStatusBarHidden = YES;
				"INFOPLIST_KEY_UIStatusBarStyle[sdk=iphoneos*]" = UIStatusBarStyleDefault;
				"INFOPLIST_KEY_UIStatusBarStyle[sdk=iphonesimulator*]" = UIStatusBarStyleDefault;
				INFOPLIST_KEY_UISupportedInterfaceOrientations = UIInterfaceOrientationPortrait;
				IPHONEOS_DEPLOYMENT_TARGET = 17.6;
				LD_RUNPATH_SEARCH_PATHS = "@executable_path/Frameworks";
				"LD_RUNPATH_SEARCH_PATHS[sdk=macosx*]" = "@executable_path/../Frameworks";
				MACOSX_DEPLOYMENT_TARGET = 15.0;
				MARKETING_VERSION = 0.1.0;
				PRODUCT_BUNDLE_IDENTIFIER = "com.ykkd.SwiftUI-Pokedex";
				PRODUCT_NAME = "$(TARGET_NAME)";
				SDKROOT = auto;
				SUPPORTED_PLATFORMS = "iphoneos iphonesimulator";
				SUPPORTS_MACCATALYST = NO;
				SWIFT_EMIT_LOC_STRINGS = YES;
				TARGETED_DEVICE_FAMILY = "1,2";
				XROS_DEPLOYMENT_TARGET = 2.0;
			};
			name = Debug;
		};
		F0D5CC412CBA677B0018F437 /* Release */ = {
			isa = XCBuildConfiguration;
			buildSettings = {
				ASSETCATALOG_COMPILER_APPICON_NAME = AppIcon;
				ASSETCATALOG_COMPILER_GLOBAL_ACCENT_COLOR_NAME = AccentColor;
				ASSETCATALOG_COMPILER_INCLUDE_ALL_APPICON_ASSETS = YES;
				CODE_SIGN_ENTITLEMENTS = "SwiftUI-Pokedex/SwiftUI_Pokedex.entitlements";
				CODE_SIGN_STYLE = Automatic;
				CREATE_INFOPLIST_SECTION_IN_BINARY = NO;
				CURRENT_PROJECT_VERSION = 1;
				DEVELOPMENT_ASSET_PATHS = "\"SwiftUI-Pokedex/Preview Content\"";
				DEVELOPMENT_TEAM = D8T642JQFU;
				ENABLE_HARDENED_RUNTIME = YES;
				ENABLE_PREVIEWS = YES;
				GENERATE_INFOPLIST_FILE = YES;
				INFOPLIST_FILE = "SwiftUI-Pokedex/Info.plist";
				INFOPLIST_KEY_CFBundleDisplayName = Pokedex;
				INFOPLIST_KEY_LSApplicationCategoryType = "public.app-category.entertainment";
				"INFOPLIST_KEY_UIApplicationSceneManifest_Generation[sdk=iphoneos*]" = YES;
				"INFOPLIST_KEY_UIApplicationSceneManifest_Generation[sdk=iphonesimulator*]" = YES;
				"INFOPLIST_KEY_UIApplicationSupportsIndirectInputEvents[sdk=iphoneos*]" = YES;
				"INFOPLIST_KEY_UIApplicationSupportsIndirectInputEvents[sdk=iphonesimulator*]" = YES;
				"INFOPLIST_KEY_UILaunchScreen_Generation[sdk=iphoneos*]" = YES;
				"INFOPLIST_KEY_UILaunchScreen_Generation[sdk=iphonesimulator*]" = YES;
				INFOPLIST_KEY_UIRequiresFullScreen = YES;
				INFOPLIST_KEY_UIStatusBarHidden = YES;
				"INFOPLIST_KEY_UIStatusBarStyle[sdk=iphoneos*]" = UIStatusBarStyleDefault;
				"INFOPLIST_KEY_UIStatusBarStyle[sdk=iphonesimulator*]" = UIStatusBarStyleDefault;
				INFOPLIST_KEY_UISupportedInterfaceOrientations = UIInterfaceOrientationPortrait;
				IPHONEOS_DEPLOYMENT_TARGET = 17.6;
				LD_RUNPATH_SEARCH_PATHS = "@executable_path/Frameworks";
				"LD_RUNPATH_SEARCH_PATHS[sdk=macosx*]" = "@executable_path/../Frameworks";
				MACOSX_DEPLOYMENT_TARGET = 15.0;
				MARKETING_VERSION = 0.1.0;
				PRODUCT_BUNDLE_IDENTIFIER = "com.ykkd.SwiftUI-Pokedex";
				PRODUCT_NAME = "$(TARGET_NAME)";
				SDKROOT = auto;
				SUPPORTED_PLATFORMS = "iphoneos iphonesimulator";
				SUPPORTS_MACCATALYST = NO;
				SWIFT_EMIT_LOC_STRINGS = YES;
				TARGETED_DEVICE_FAMILY = "1,2";
				XROS_DEPLOYMENT_TARGET = 2.0;
			};
			name = Release;
		};
		F0D5CC432CBA677B0018F437 /* Debug */ = {
			isa = XCBuildConfiguration;
			buildSettings = {
				BUNDLE_LOADER = "$(TEST_HOST)";
				CODE_SIGN_STYLE = Automatic;
				CURRENT_PROJECT_VERSION = 1;
				DEVELOPMENT_TEAM = D8T642JQFU;
				GENERATE_INFOPLIST_FILE = YES;
				IPHONEOS_DEPLOYMENT_TARGET = 18.0;
				MACOSX_DEPLOYMENT_TARGET = 15.0;
				MARKETING_VERSION = 1.0;
				PRODUCT_BUNDLE_IDENTIFIER = "com.ykkd.SwiftUI-PokedexTests";
				PRODUCT_NAME = "$(TARGET_NAME)";
				SDKROOT = auto;
				SUPPORTED_PLATFORMS = "iphoneos iphonesimulator macosx xros xrsimulator";
				SWIFT_EMIT_LOC_STRINGS = NO;
				TARGETED_DEVICE_FAMILY = "1,2,7";
				TEST_HOST = "$(BUILT_PRODUCTS_DIR)/SwiftUI-Pokedex.app/$(BUNDLE_EXECUTABLE_FOLDER_PATH)/SwiftUI-Pokedex";
				XROS_DEPLOYMENT_TARGET = 2.0;
			};
			name = Debug;
		};
		F0D5CC442CBA677B0018F437 /* Release */ = {
			isa = XCBuildConfiguration;
			buildSettings = {
				BUNDLE_LOADER = "$(TEST_HOST)";
				CODE_SIGN_STYLE = Automatic;
				CURRENT_PROJECT_VERSION = 1;
				DEVELOPMENT_TEAM = D8T642JQFU;
				GENERATE_INFOPLIST_FILE = YES;
				IPHONEOS_DEPLOYMENT_TARGET = 18.0;
				MACOSX_DEPLOYMENT_TARGET = 15.0;
				MARKETING_VERSION = 1.0;
				PRODUCT_BUNDLE_IDENTIFIER = "com.ykkd.SwiftUI-PokedexTests";
				PRODUCT_NAME = "$(TARGET_NAME)";
				SDKROOT = auto;
				SUPPORTED_PLATFORMS = "iphoneos iphonesimulator macosx xros xrsimulator";
				SWIFT_EMIT_LOC_STRINGS = NO;
				TARGETED_DEVICE_FAMILY = "1,2,7";
				TEST_HOST = "$(BUILT_PRODUCTS_DIR)/SwiftUI-Pokedex.app/$(BUNDLE_EXECUTABLE_FOLDER_PATH)/SwiftUI-Pokedex";
				XROS_DEPLOYMENT_TARGET = 2.0;
			};
			name = Release;
		};
		F0D5CC462CBA677B0018F437 /* Debug */ = {
			isa = XCBuildConfiguration;
			buildSettings = {
				CODE_SIGN_STYLE = Automatic;
				CURRENT_PROJECT_VERSION = 1;
				DEVELOPMENT_TEAM = D8T642JQFU;
				GENERATE_INFOPLIST_FILE = YES;
				IPHONEOS_DEPLOYMENT_TARGET = 18.0;
				MACOSX_DEPLOYMENT_TARGET = 15.0;
				MARKETING_VERSION = 1.0;
				PRODUCT_BUNDLE_IDENTIFIER = "com.ykkd.SwiftUI-PokedexUITests";
				PRODUCT_NAME = "$(TARGET_NAME)";
				SDKROOT = auto;
				SUPPORTED_PLATFORMS = "iphoneos iphonesimulator macosx xros xrsimulator";
				SWIFT_EMIT_LOC_STRINGS = NO;
				TARGETED_DEVICE_FAMILY = "1,2,7";
				TEST_TARGET_NAME = "SwiftUI-Pokedex";
				XROS_DEPLOYMENT_TARGET = 2.0;
			};
			name = Debug;
		};
		F0D5CC472CBA677B0018F437 /* Release */ = {
			isa = XCBuildConfiguration;
			buildSettings = {
				CODE_SIGN_STYLE = Automatic;
				CURRENT_PROJECT_VERSION = 1;
				DEVELOPMENT_TEAM = D8T642JQFU;
				GENERATE_INFOPLIST_FILE = YES;
				IPHONEOS_DEPLOYMENT_TARGET = 18.0;
				MACOSX_DEPLOYMENT_TARGET = 15.0;
				MARKETING_VERSION = 1.0;
				PRODUCT_BUNDLE_IDENTIFIER = "com.ykkd.SwiftUI-PokedexUITests";
				PRODUCT_NAME = "$(TARGET_NAME)";
				SDKROOT = auto;
				SUPPORTED_PLATFORMS = "iphoneos iphonesimulator macosx xros xrsimulator";
				SWIFT_EMIT_LOC_STRINGS = NO;
				TARGETED_DEVICE_FAMILY = "1,2,7";
				TEST_TARGET_NAME = "SwiftUI-Pokedex";
				XROS_DEPLOYMENT_TARGET = 2.0;
			};
			name = Release;
		};
/* End XCBuildConfiguration section */

/* Begin XCConfigurationList section */
		F0D5CC152CBA67790018F437 /* Build configuration list for PBXProject "SwiftUI-Pokedex" */ = {
			isa = XCConfigurationList;
			buildConfigurations = (
				F0D5CC3D2CBA677B0018F437 /* Debug */,
				F0D5CC3E2CBA677B0018F437 /* Release */,
			);
			defaultConfigurationIsVisible = 0;
			defaultConfigurationName = Release;
		};
		F0D5CC3F2CBA677B0018F437 /* Build configuration list for PBXNativeTarget "SwiftUI-Pokedex" */ = {
			isa = XCConfigurationList;
			buildConfigurations = (
				F0D5CC402CBA677B0018F437 /* Debug */,
				F0D5CC412CBA677B0018F437 /* Release */,
			);
			defaultConfigurationIsVisible = 0;
			defaultConfigurationName = Release;
		};
		F0D5CC422CBA677B0018F437 /* Build configuration list for PBXNativeTarget "SwiftUI-PokedexTests" */ = {
			isa = XCConfigurationList;
			buildConfigurations = (
				F0D5CC432CBA677B0018F437 /* Debug */,
				F0D5CC442CBA677B0018F437 /* Release */,
			);
			defaultConfigurationIsVisible = 0;
			defaultConfigurationName = Release;
		};
		F0D5CC452CBA677B0018F437 /* Build configuration list for PBXNativeTarget "SwiftUI-PokedexUITests" */ = {
			isa = XCConfigurationList;
			buildConfigurations = (
				F0D5CC462CBA677B0018F437 /* Debug */,
				F0D5CC472CBA677B0018F437 /* Release */,
			);
			defaultConfigurationIsVisible = 0;
			defaultConfigurationName = Release;
		};
/* End XCConfigurationList section */

/* Begin XCLocalSwiftPackageReference section */
		F0F3381F2CBAF40200C53E97 /* XCLocalSwiftPackageReference "../Packages/AppPackage" */ = {
			isa = XCLocalSwiftPackageReference;
			relativePath = ../Packages/AppPackage;
		};
/* End XCLocalSwiftPackageReference section */

/* Begin XCRemoteSwiftPackageReference section */
		F07F53C02CBAF92C005455D2 /* XCRemoteSwiftPackageReference "swift-dependencies" */ = {
			isa = XCRemoteSwiftPackageReference;
			repositoryURL = "https://github.com/pointfreeco/swift-dependencies.git";
			requirement = {
				kind = upToNextMajorVersion;
				minimumVersion = 1.4.1;
			};
		};
/* End XCRemoteSwiftPackageReference section */

/* Begin XCSwiftPackageProductDependency section */
		F07F53BE2CBAF8DE005455D2 /* DependencyContainer */ = {
			isa = XCSwiftPackageProductDependency;
			package = F0F3381F2CBAF40200C53E97 /* XCLocalSwiftPackageReference "../Packages/AppPackage" */;
			productName = DependencyContainer;
		};
		F07F53C12CBAF92C005455D2 /* Dependencies */ = {
			isa = XCSwiftPackageProductDependency;
			package = F07F53C02CBAF92C005455D2 /* XCRemoteSwiftPackageReference "swift-dependencies" */;
			productName = Dependencies;
		};
		F07F53F22CBCF4AE005455D2 /* Router */ = {
			isa = XCSwiftPackageProductDependency;
			productName = Router;
		};
		F07F53F42CBCF53A005455D2 /* Entity */ = {
			isa = XCSwiftPackageProductDependency;
			productName = Entity;
		};
		F07F54472CBD76C2005455D2 /* PokemonListScreen */ = {
			isa = XCSwiftPackageProductDependency;
			package = F0F3381F2CBAF40200C53E97 /* XCLocalSwiftPackageReference "../Packages/AppPackage" */;
			productName = PokemonListScreen;
		};
		F0F338242CBAF41F00C53E97 /* RootScreen */ = {
			isa = XCSwiftPackageProductDependency;
			package = F0F3381F2CBAF40200C53E97 /* XCLocalSwiftPackageReference "../Packages/AppPackage" */;
			productName = RootScreen;
		};
/* End XCSwiftPackageProductDependency section */
	};
	rootObject = F0D5CC122CBA67790018F437 /* Project object */;
}
